
Microsoft Visual Studio Solution File, Format Version 12.00
# Visual Studio Version 17
VisualStudioVersion = 17.0.31903.59
MinimumVisualStudioVersion = 10.0.40219.1
Project("{F2A71F9B-5D33-465A-A702-920D77279786}") = "pr001", "pr001\pr001.fsproj", "{D40BC28F-A9CD-4A61-9A1F-E474B05417B2}"
EndProject
Project("{F2A71F9B-5D33-465A-A702-920D77279786}") = "pr002", "pr002\pr002.fsproj", "{FBC1D664-22DF-4B87-B2AD-C5000E838E21}"
EndProject
Project("{F2A71F9B-5D33-465A-A702-920D77279786}") = "eulerlib", "eulerlib\eulerlib.fsproj", "{FC90958F-28C2-4BE2-ABBE-4864F757BB24}"
EndProject
Project("{F2A71F9B-5D33-465A-A702-920D77279786}") = "pr003", "pr003\pr003.fsproj", "{00B9DCE6-E80E-45DC-A89B-A95520D4D553}"
EndProject
Project("{F2A71F9B-5D33-465A-A702-920D77279786}") = "pr004", "pr004\pr004.fsproj", "{99D083E2-698B-42A3-85DF-FB70C5E2A041}"
EndProject
Project("{F2A71F9B-5D33-465A-A702-920D77279786}") = "pr005", "pr005\pr005.fsproj", "{2EF8B9A1-C2FF-4FA4-8755-C94BC03BB991}"
EndProject
Project("{F2A71F9B-5D33-465A-A702-920D77279786}") = "pr006", "pr006\pr006.fsproj", "{40EEA9EB-2C5D-4E19-BFA0-CDF3198E2B0D}"
EndProject
Project("{F2A71F9B-5D33-465A-A702-920D77279786}") = "pr007", "pr007\pr007.fsproj", "{5B039C33-EF82-4711-A97A-59ECEA1BC0C7}"
EndProject
Project("{F2A71F9B-5D33-465A-A702-920D77279786}") = "pr008", "pr008\pr008.fsproj", "{F4568DED-7DB5-4072-B26A-6BEDB509C375}"
EndProject
Project("{F2A71F9B-5D33-465A-A702-920D77279786}") = "pr009", "pr009\pr009.fsproj", "{5822CF4A-CCD1-4CAC-8300-F5B1D81251DE}"
EndProject
Project("{F2A71F9B-5D33-465A-A702-920D77279786}") = "pr010", "pr010\pr010.fsproj", "{F15C31A5-7A14-4E99-8635-074FFDF4E321}"
EndProject
Project("{F2A71F9B-5D33-465A-A702-920D77279786}") = "pr011", "pr011\pr011.fsproj", "{991F35FF-C690-4BA1-8F45-1A8B7F725A4A}"
EndProject
Global
	GlobalSection(SolutionConfigurationPlatforms) = preSolution
		Debug|Any CPU = Debug|Any CPU
		Release|Any CPU = Release|Any CPU
	EndGlobalSection
	GlobalSection(SolutionProperties) = preSolution
		HideSolutionNode = FALSE
	EndGlobalSection
	GlobalSection(ProjectConfigurationPlatforms) = postSolution
		{D40BC28F-A9CD-4A61-9A1F-E474B05417B2}.Debug|Any CPU.ActiveCfg = Debug|Any CPU
		{D40BC28F-A9CD-4A61-9A1F-E474B05417B2}.Debug|Any CPU.Build.0 = Debug|Any CPU
		{D40BC28F-A9CD-4A61-9A1F-E474B05417B2}.Release|Any CPU.ActiveCfg = Release|Any CPU
		{D40BC28F-A9CD-4A61-9A1F-E474B05417B2}.Release|Any CPU.Build.0 = Release|Any CPU
		{FBC1D664-22DF-4B87-B2AD-C5000E838E21}.Debug|Any CPU.ActiveCfg = Debug|Any CPU
		{FBC1D664-22DF-4B87-B2AD-C5000E838E21}.Debug|Any CPU.Build.0 = Debug|Any CPU
		{FBC1D664-22DF-4B87-B2AD-C5000E838E21}.Release|Any CPU.ActiveCfg = Release|Any CPU
		{FBC1D664-22DF-4B87-B2AD-C5000E838E21}.Release|Any CPU.Build.0 = Release|Any CPU
		{FC90958F-28C2-4BE2-ABBE-4864F757BB24}.Debug|Any CPU.ActiveCfg = Debug|Any CPU
		{FC90958F-28C2-4BE2-ABBE-4864F757BB24}.Debug|Any CPU.Build.0 = Debug|Any CPU
		{FC90958F-28C2-4BE2-ABBE-4864F757BB24}.Release|Any CPU.ActiveCfg = Release|Any CPU
		{FC90958F-28C2-4BE2-ABBE-4864F757BB24}.Release|Any CPU.Build.0 = Release|Any CPU
		{00B9DCE6-E80E-45DC-A89B-A95520D4D553}.Debug|Any CPU.ActiveCfg = Debug|Any CPU
		{00B9DCE6-E80E-45DC-A89B-A95520D4D553}.Debug|Any CPU.Build.0 = Debug|Any CPU
		{00B9DCE6-E80E-45DC-A89B-A95520D4D553}.Release|Any CPU.ActiveCfg = Release|Any CPU
		{00B9DCE6-E80E-45DC-A89B-A95520D4D553}.Release|Any CPU.Build.0 = Release|Any CPU
		{99D083E2-698B-42A3-85DF-FB70C5E2A041}.Debug|Any CPU.ActiveCfg = Debug|Any CPU
		{99D083E2-698B-42A3-85DF-FB70C5E2A041}.Debug|Any CPU.Build.0 = Debug|Any CPU
		{99D083E2-698B-42A3-85DF-FB70C5E2A041}.Release|Any CPU.ActiveCfg = Release|Any CPU
		{99D083E2-698B-42A3-85DF-FB70C5E2A041}.Release|Any CPU.Build.0 = Release|Any CPU
		{2EF8B9A1-C2FF-4FA4-8755-C94BC03BB991}.Debug|Any CPU.ActiveCfg = Debug|Any CPU
		{2EF8B9A1-C2FF-4FA4-8755-C94BC03BB991}.Debug|Any CPU.Build.0 = Debug|Any CPU
		{2EF8B9A1-C2FF-4FA4-8755-C94BC03BB991}.Release|Any CPU.ActiveCfg = Release|Any CPU
		{2EF8B9A1-C2FF-4FA4-8755-C94BC03BB991}.Release|Any CPU.Build.0 = Release|Any CPU
		{40EEA9EB-2C5D-4E19-BFA0-CDF3198E2B0D}.Debug|Any CPU.ActiveCfg = Debug|Any CPU
		{40EEA9EB-2C5D-4E19-BFA0-CDF3198E2B0D}.Debug|Any CPU.Build.0 = Debug|Any CPU
		{40EEA9EB-2C5D-4E19-BFA0-CDF3198E2B0D}.Release|Any CPU.ActiveCfg = Release|Any CPU
		{40EEA9EB-2C5D-4E19-BFA0-CDF3198E2B0D}.Release|Any CPU.Build.0 = Release|Any CPU
		{5B039C33-EF82-4711-A97A-59ECEA1BC0C7}.Debug|Any CPU.ActiveCfg = Debug|Any CPU
		{5B039C33-EF82-4711-A97A-59ECEA1BC0C7}.Debug|Any CPU.Build.0 = Debug|Any CPU
		{5B039C33-EF82-4711-A97A-59ECEA1BC0C7}.Release|Any CPU.ActiveCfg = Release|Any CPU
		{5B039C33-EF82-4711-A97A-59ECEA1BC0C7}.Release|Any CPU.Build.0 = Release|Any CPU
		{F4568DED-7DB5-4072-B26A-6BEDB509C375}.Debug|Any CPU.ActiveCfg = Debug|Any CPU
		{F4568DED-7DB5-4072-B26A-6BEDB509C375}.Debug|Any CPU.Build.0 = Debug|Any CPU
		{F4568DED-7DB5-4072-B26A-6BEDB509C375}.Release|Any CPU.ActiveCfg = Release|Any CPU
		{F4568DED-7DB5-4072-B26A-6BEDB509C375}.Release|Any CPU.Build.0 = Release|Any CPU
		{5822CF4A-CCD1-4CAC-8300-F5B1D81251DE}.Debug|Any CPU.ActiveCfg = Debug|Any CPU
		{5822CF4A-CCD1-4CAC-8300-F5B1D81251DE}.Debug|Any CPU.Build.0 = Debug|Any CPU
		{5822CF4A-CCD1-4CAC-8300-F5B1D81251DE}.Release|Any CPU.ActiveCfg = Release|Any CPU
		{5822CF4A-CCD1-4CAC-8300-F5B1D81251DE}.Release|Any CPU.Build.0 = Release|Any CPU
		{F15C31A5-7A14-4E99-8635-074FFDF4E321}.Debug|Any CPU.ActiveCfg = Debug|Any CPU
		{F15C31A5-7A14-4E99-8635-074FFDF4E321}.Debug|Any CPU.Build.0 = Debug|Any CPU
		{F15C31A5-7A14-4E99-8635-074FFDF4E321}.Release|Any CPU.ActiveCfg = Release|Any CPU
		{F15C31A5-7A14-4E99-8635-074FFDF4E321}.Release|Any CPU.Build.0 = Release|Any CPU
		{991F35FF-C690-4BA1-8F45-1A8B7F725A4A}.Debug|Any CPU.ActiveCfg = Debug|Any CPU
		{991F35FF-C690-4BA1-8F45-1A8B7F725A4A}.Debug|Any CPU.Build.0 = Debug|Any CPU
		{991F35FF-C690-4BA1-8F45-1A8B7F725A4A}.Release|Any CPU.ActiveCfg = Release|Any CPU
		{991F35FF-C690-4BA1-8F45-1A8B7F725A4A}.Release|Any CPU.Build.0 = Release|Any CPU
	EndGlobalSection
EndGlobal
